<?xml version="1.0" encoding="utf-8"?>
<Project ToolsVersion="4.0" xmlns="http://schemas.microsoft.com/developer/msbuild/2003">
  <ItemGroup>
    <ClCompile Include="src\Graphics\Overlay\DebugOverlay.cpp" />
    <ClCompile Include="src\Graphics\Resources\ResourceUploader.cpp" />
    <ClCompile Include="src\Graphics\Resources\TextureLoader.cpp" />
    <ClCompile Include="src\Graphics\Scene\SponzaScene.cpp" />
    <ClCompile Include="external\imgui\backends\imgui_impl_dx12.cpp" />
    <ClCompile Include="external\imgui\backends\imgui_impl_win32.cpp" />
    <ClCompile Include="external\imgui\imgui.cpp" />
    <ClCompile Include="external\imgui\imgui_draw.cpp" />
    <ClCompile Include="external\imgui\imgui_tables.cpp" />
    <ClCompile Include="external\imgui\imgui_widgets.cpp" />
    <ClCompile Include="src\Graphics\dx12\d3dUtil.cpp" />
    <ClCompile Include="src\Graphics\dx12\DirectX12Context.cpp" />
    <ClCompile Include="src\Graphics\dx12\DDSTextureLoader.cpp" />
    <ClCompile Include="src\Utils\Delegates.cpp" />
    <ClCompile Include="src\Graphics\CascadedShadowMap.cpp" />
    <ClCompile Include="src\Graphics\DeferredRenderer.cpp" />
    <ClCompile Include="src\Graphics\dx12\DirectX12App.cpp" />
    <ClCompile Include="src\Core\GameTimer.cpp" />
    <ClCompile Include="src\Graphics\Gbuffer.cpp" />
    <ClCompile Include="src\Core\InputDevice.cpp" />
    <ClCompile Include="src\Graphics\LightSystem.cpp" />
    <ClCompile Include="src\Math\MathHelper.cpp" />
    <ClCompile Include="src\App\AGFramework.cpp" />
    <ClCompile Include="src\Core\Window.cpp" />
    <ClCompile Include="src\main.cpp" />
    <ClCompile Include="src\Graphics\RenderingSystem.cpp" />
    <ClCompile Include="src\Graphics\GeometryGenerator.cpp" />
  </ItemGroup>
  <ItemGroup>
    <ClInclude Include="src\Graphics\Overlay\DebugOverlay.h" />
    <ClInclude Include="src\Graphics\Resources\ResourceUploader.h" />
    <ClInclude Include="src\Graphics\Resources\TextureLoader.h" />
    <ClInclude Include="src\Graphics\Scene\SceneData.h" />
    <ClInclude Include="src\Graphics\Scene\SceneResources.h" />
    <ClInclude Include="src\Graphics\Scene\SponzaScene.h" />
    <ClInclude Include="external\imgui\backends\imgui_impl_dx12.h" />
    <ClInclude Include="external\imgui\backends\imgui_impl_win32.h" />
    <ClInclude Include="external\imgui\imconfig.h" />
    <ClInclude Include="external\imgui\imgui.h" />
    <ClInclude Include="external\imgui\imgui_internal.h" />
    <ClInclude Include="external\imgui\imstb_rectpack.h" />
    <ClInclude Include="external\imgui\imstb_textedit.h" />
    <ClInclude Include="external\imgui\imstb_truetype.h" />
    <ClInclude Include="src\Graphics\dx12\d3dUtil.h" />
    <ClInclude Include="src\Graphics\common\d3dx12.h" />
    <ClInclude Include="src\Graphics\dx12\DirectX12Context.h" />
    <ClInclude Include="src\Graphics\dx12\DDSTextureLoader.h" />
    <ClInclude Include="src\Utils\Delegates.h" />
    <ClInclude Include="src\Graphics\CascadedShadowMap.h" />
    <ClInclude Include="src\Graphics\DeferredRenderer.h" />
    <ClInclude Include="src\Graphics\dx12\DirectX12App.h" />
    <ClInclude Include="src\Core\GameTimer.h" />
    <ClInclude Include="src\Graphics\Gbuffer.h" />
    <ClInclude Include="src\Core\InputDevice.h" />
    <ClInclude Include="src\Graphics\LightSystem.h" />
    <ClInclude Include="src\Graphics\MaterialSystem.h" />
    <ClInclude Include="src\Core\Keys.h" />
    <ClInclude Include="src\Math\MathHelper.h" />
    <ClInclude Include="src\App\AGFramework.h" />
    <ClInclude Include="src\Core\Window.h" />
    <ClInclude Include="src\Graphics\RenderingSystem.h" />
    <ClInclude Include="src\Graphics\RenderSettings.h" />
    <ClInclude Include="src\Graphics\GeometryGenerator.h" />
    <ClInclude Include="src\Utils\Exports.h" />
  </ItemGroup>
  <ItemGroup>
    <Natvis Include="src\Utils\Delegates.natvis" />
  </ItemGroup>
  <ItemGroup>
    <None Include="packages.config" />
    <None Include="shaders\Phong.hlsl" />
  </ItemGroup>
</Project>
